{
  "version": 4,
  "terraform_version": "1.0.7",
  "serial": 27,
  "lineage": "53e0adca-d8f0-b001-dfed-82ab0bfadb08",
  "outputs": {},
  "resources": [
    {
      "module": "module.azure-connect-nwtwork-securitygroup",
      "mode": "managed",
      "type": "azurerm_network_interface_security_group_association",
      "name": "example",
      "provider": "provider[\"registry.terraform.io/hashicorp/azurerm\"]",
      "instances": [
        {
          "schema_version": 0,
          "attributes": {
            "id": "/subscriptions/64eb0097-f3d0-45d2-a9fd-cf90f5b28ad5/resourceGroups/arjun-rg/providers/Microsoft.Network/networkInterfaces/arjun-nic|/subscriptions/64eb0097-f3d0-45d2-a9fd-cf90f5b28ad5/resourceGroups/arjun-rg/providers/Microsoft.Network/networkSecurityGroups/arjun-network-securitygroup",
            "network_interface_id": "/subscriptions/64eb0097-f3d0-45d2-a9fd-cf90f5b28ad5/resourceGroups/arjun-rg/providers/Microsoft.Network/networkInterfaces/arjun-nic",
            "network_security_group_id": "/subscriptions/64eb0097-f3d0-45d2-a9fd-cf90f5b28ad5/resourceGroups/arjun-rg/providers/Microsoft.Network/networkSecurityGroups/arjun-network-securitygroup",
            "timeouts": null
          },
          "sensitive_attributes": [],
          "private": "eyJlMmJmYjczMC1lY2FhLTExZTYtOGY4OC0zNDM2M2JjN2M0YzAiOnsiY3JlYXRlIjoxODAwMDAwMDAwMDAwLCJkZWxldGUiOjE4MDAwMDAwMDAwMDAsInJlYWQiOjMwMDAwMDAwMDAwMCwidXBkYXRlIjoxODAwMDAwMDAwMDAwfX0=",
          "dependencies": [
            "module.azure-network-interface.azurerm_network_interface.my_terraform_nic",
            "module.azure-resource-group.azurerm_resource_group.rg",
            "module.azure-securitygroup.azurerm_network_security_group.my_terraform_nsg",
            "module.azure_public_ip.azurerm_public_ip.my_terraform_public_ip",
            "module.azure_subnet.azurerm_subnet.my_terraform_subnet",
            "module.azure_vnet.azurerm_virtual_network.my_terraform_network"
          ]
        }
      ]
    },
    {
      "module": "module.azure-network-interface",
      "mode": "managed",
      "type": "azurerm_network_interface",
      "name": "my_terraform_nic",
      "provider": "provider[\"registry.terraform.io/hashicorp/azurerm\"]",
      "instances": [
        {
          "schema_version": 0,
          "attributes": {
            "applied_dns_servers": [],
            "dns_servers": [],
            "enable_accelerated_networking": false,
            "enable_ip_forwarding": false,
            "id": "/subscriptions/64eb0097-f3d0-45d2-a9fd-cf90f5b28ad5/resourceGroups/arjun-rg/providers/Microsoft.Network/networkInterfaces/arjun-nic",
            "internal_dns_name_label": "",
            "internal_domain_name_suffix": "lzrpl1g4njou5ip5flllz1au0b.bx.internal.cloudapp.net",
            "ip_configuration": [
              {
                "gateway_load_balancer_frontend_ip_configuration_id": "",
                "name": "arjun-configuration",
                "primary": true,
                "private_ip_address": "15.0.1.4",
                "private_ip_address_allocation": "Dynamic",
                "private_ip_address_version": "IPv4",
                "public_ip_address_id": "/subscriptions/64eb0097-f3d0-45d2-a9fd-cf90f5b28ad5/resourceGroups/arjun-rg/providers/Microsoft.Network/publicIPAddresses/arjun-public-ip",
                "subnet_id": "/subscriptions/64eb0097-f3d0-45d2-a9fd-cf90f5b28ad5/resourceGroups/arjun-rg/providers/Microsoft.Network/virtualNetworks/arjun-Vnet/subnets/arjun-subnet"
              }
            ],
            "location": "eastus",
            "mac_address": "60-45-BD-EB-24-DE",
            "name": "arjun-nic",
            "private_ip_address": "15.0.1.4",
            "private_ip_addresses": [
              "15.0.1.4"
            ],
            "resource_group_name": "arjun-rg",
            "tags": {},
            "timeouts": null,
            "virtual_machine_id": "/subscriptions/64eb0097-f3d0-45d2-a9fd-cf90f5b28ad5/resourceGroups/arjun-rg/providers/Microsoft.Compute/virtualMachines/arjun-vm"
          },
          "sensitive_attributes": [],
          "private": "eyJlMmJmYjczMC1lY2FhLTExZTYtOGY4OC0zNDM2M2JjN2M0YzAiOnsiY3JlYXRlIjoxODAwMDAwMDAwMDAwLCJkZWxldGUiOjE4MDAwMDAwMDAwMDAsInJlYWQiOjMwMDAwMDAwMDAwMCwidXBkYXRlIjoxODAwMDAwMDAwMDAwfX0=",
          "dependencies": [
            "module.azure-resource-group.azurerm_resource_group.rg",
            "module.azure_public_ip.azurerm_public_ip.my_terraform_public_ip",
            "module.azure_subnet.azurerm_subnet.my_terraform_subnet",
            "module.azure_vnet.azurerm_virtual_network.my_terraform_network"
          ]
        }
      ]
    },
    {
      "module": "module.azure-resource-group",
      "mode": "managed",
      "type": "azurerm_resource_group",
      "name": "rg",
      "provider": "provider[\"registry.terraform.io/hashicorp/azurerm\"]",
      "instances": [
        {
          "schema_version": 0,
          "attributes": {
            "id": "/subscriptions/64eb0097-f3d0-45d2-a9fd-cf90f5b28ad5/resourceGroups/arjun-rg",
            "location": "eastus",
            "name": "arjun-rg",
            "tags": {},
            "timeouts": null
          },
          "sensitive_attributes": [],
          "private": "eyJlMmJmYjczMC1lY2FhLTExZTYtOGY4OC0zNDM2M2JjN2M0YzAiOnsiY3JlYXRlIjo1NDAwMDAwMDAwMDAwLCJkZWxldGUiOjU0MDAwMDAwMDAwMDAsInJlYWQiOjMwMDAwMDAwMDAwMCwidXBkYXRlIjo1NDAwMDAwMDAwMDAwfX0="
        }
      ]
    },
    {
      "module": "module.azure-securitygroup",
      "mode": "managed",
      "type": "azurerm_network_security_group",
      "name": "my_terraform_nsg",
      "provider": "provider[\"registry.terraform.io/hashicorp/azurerm\"]",
      "instances": [
        {
          "schema_version": 0,
          "attributes": {
            "id": "/subscriptions/64eb0097-f3d0-45d2-a9fd-cf90f5b28ad5/resourceGroups/arjun-rg/providers/Microsoft.Network/networkSecurityGroups/arjun-network-securitygroup",
            "location": "eastus",
            "name": "arjun-network-securitygroup",
            "resource_group_name": "arjun-rg",
            "security_rule": [
              {
                "access": "Allow",
                "description": "",
                "destination_address_prefix": "*",
                "destination_address_prefixes": [],
                "destination_application_security_group_ids": [],
                "destination_port_range": "22",
                "destination_port_ranges": [],
                "direction": "Inbound",
                "name": "SSH",
                "priority": 102,
                "protocol": "Tcp",
                "source_address_prefix": "*",
                "source_address_prefixes": [],
                "source_application_security_group_ids": [],
                "source_port_range": "*",
                "source_port_ranges": []
              },
              {
                "access": "Allow",
                "description": "",
                "destination_address_prefix": "*",
                "destination_address_prefixes": [],
                "destination_application_security_group_ids": [],
                "destination_port_range": "443",
                "destination_port_ranges": [],
                "direction": "Inbound",
                "name": "AllowSSLIn",
                "priority": 110,
                "protocol": "Tcp",
                "source_address_prefix": "*",
                "source_address_prefixes": [],
                "source_application_security_group_ids": [],
                "source_port_range": "*",
                "source_port_ranges": []
              },
              {
                "access": "Allow",
                "description": "",
                "destination_address_prefix": "*",
                "destination_address_prefixes": [],
                "destination_application_security_group_ids": [],
                "destination_port_range": "80",
                "destination_port_ranges": [],
                "direction": "Inbound",
                "name": "AllowWebIn",
                "priority": 100,
                "protocol": "Tcp",
                "source_address_prefix": "*",
                "source_address_prefixes": [],
                "source_application_security_group_ids": [],
                "source_port_range": "*",
                "source_port_ranges": []
              }
            ],
            "tags": {},
            "timeouts": null
          },
          "sensitive_attributes": [],
          "private": "eyJlMmJmYjczMC1lY2FhLTExZTYtOGY4OC0zNDM2M2JjN2M0YzAiOnsiY3JlYXRlIjoxODAwMDAwMDAwMDAwLCJkZWxldGUiOjE4MDAwMDAwMDAwMDAsInJlYWQiOjMwMDAwMDAwMDAwMCwidXBkYXRlIjoxODAwMDAwMDAwMDAwfX0=",
          "dependencies": [
            "module.azure-resource-group.azurerm_resource_group.rg"
          ]
        }
      ]
    },
    {
      "module": "module.azure-storage-account",
      "mode": "managed",
      "type": "azurerm_storage_account",
      "name": "my_storage_account",
      "provider": "provider[\"registry.terraform.io/hashicorp/azurerm\"]",
      "instances": [
        {
          "schema_version": 2,
          "attributes": {
            "access_tier": "Hot",
            "account_kind": "StorageV2",
            "account_replication_type": "LRS",
            "account_tier": "Standard",
            "allow_blob_public_access": false,
            "azure_files_authentication": [],
            "blob_properties": [
              {
                "change_feed_enabled": false,
                "container_delete_retention_policy": [],
                "cors_rule": [],
                "default_service_version": "",
                "delete_retention_policy": [],
                "last_access_time_enabled": false,
                "versioning_enabled": false
              }
            ],
            "custom_domain": [],
            "customer_managed_key": [],
            "enable_https_traffic_only": true,
            "id": "/subscriptions/64eb0097-f3d0-45d2-a9fd-cf90f5b28ad5/resourceGroups/arjun-rg/providers/Microsoft.Storage/storageAccounts/diag354912de6fcd44ce",
            "identity": [],
            "infrastructure_encryption_enabled": false,
            "is_hns_enabled": false,
            "large_file_share_enabled": null,
            "location": "eastus",
            "min_tls_version": "TLS1_0",
            "name": "diag354912de6fcd44ce",
            "network_rules": [
              {
                "bypass": [
                  "AzureServices"
                ],
                "default_action": "Allow",
                "ip_rules": [],
                "private_link_access": [],
                "virtual_network_subnet_ids": []
              }
            ],
            "nfsv3_enabled": false,
            "primary_access_key": "WqIkz2SSLdJOJkj7xHrp8H5rXRR0p7mi3LsZTloU5jxl/hIkmm2dXjsMBsc7Hc9uO7eL1rYZiA4x+AStHDWvGA==",
            "primary_blob_connection_string": "DefaultEndpointsProtocol=https;BlobEndpoint=https://diag354912de6fcd44ce.blob.core.windows.net/;AccountName=diag354912de6fcd44ce;AccountKey=WqIkz2SSLdJOJkj7xHrp8H5rXRR0p7mi3LsZTloU5jxl/hIkmm2dXjsMBsc7Hc9uO7eL1rYZiA4x+AStHDWvGA==",
            "primary_blob_endpoint": "https://diag354912de6fcd44ce.blob.core.windows.net/",
            "primary_blob_host": "diag354912de6fcd44ce.blob.core.windows.net",
            "primary_connection_string": "DefaultEndpointsProtocol=https;AccountName=diag354912de6fcd44ce;AccountKey=WqIkz2SSLdJOJkj7xHrp8H5rXRR0p7mi3LsZTloU5jxl/hIkmm2dXjsMBsc7Hc9uO7eL1rYZiA4x+AStHDWvGA==;EndpointSuffix=core.windows.net",
            "primary_dfs_endpoint": "https://diag354912de6fcd44ce.dfs.core.windows.net/",
            "primary_dfs_host": "diag354912de6fcd44ce.dfs.core.windows.net",
            "primary_file_endpoint": "https://diag354912de6fcd44ce.file.core.windows.net/",
            "primary_file_host": "diag354912de6fcd44ce.file.core.windows.net",
            "primary_location": "eastus",
            "primary_queue_endpoint": "https://diag354912de6fcd44ce.queue.core.windows.net/",
            "primary_queue_host": "diag354912de6fcd44ce.queue.core.windows.net",
            "primary_table_endpoint": "https://diag354912de6fcd44ce.table.core.windows.net/",
            "primary_table_host": "diag354912de6fcd44ce.table.core.windows.net",
            "primary_web_endpoint": "https://diag354912de6fcd44ce.z13.web.core.windows.net/",
            "primary_web_host": "diag354912de6fcd44ce.z13.web.core.windows.net",
            "queue_encryption_key_type": "Service",
            "queue_properties": [
              {
                "cors_rule": [],
                "hour_metrics": [
                  {
                    "enabled": true,
                    "include_apis": true,
                    "retention_policy_days": 7,
                    "version": "1.0"
                  }
                ],
                "logging": [
                  {
                    "delete": false,
                    "read": false,
                    "retention_policy_days": 0,
                    "version": "1.0",
                    "write": false
                  }
                ],
                "minute_metrics": [
                  {
                    "enabled": false,
                    "include_apis": false,
                    "retention_policy_days": 0,
                    "version": "1.0"
                  }
                ]
              }
            ],
            "resource_group_name": "arjun-rg",
            "routing": [],
            "secondary_access_key": "LAsR3kHqaN1xFkXKwY/c3tO+xTD9xQ5KLzgJKHEPthg77ZM11ukbRmfbzTGUBSU2ki8VEMo37VI9+AStIN0lgw==",
            "secondary_blob_connection_string": "",
            "secondary_blob_endpoint": null,
            "secondary_blob_host": null,
            "secondary_connection_string": "DefaultEndpointsProtocol=https;AccountName=diag354912de6fcd44ce;AccountKey=LAsR3kHqaN1xFkXKwY/c3tO+xTD9xQ5KLzgJKHEPthg77ZM11ukbRmfbzTGUBSU2ki8VEMo37VI9+AStIN0lgw==;EndpointSuffix=core.windows.net",
            "secondary_dfs_endpoint": null,
            "secondary_dfs_host": null,
            "secondary_file_endpoint": null,
            "secondary_file_host": null,
            "secondary_location": "",
            "secondary_queue_endpoint": null,
            "secondary_queue_host": null,
            "secondary_table_endpoint": null,
            "secondary_table_host": null,
            "secondary_web_endpoint": null,
            "secondary_web_host": null,
            "share_properties": [
              {
                "cors_rule": [],
                "retention_policy": [
                  {
                    "days": 7
                  }
                ],
                "smb": []
              }
            ],
            "shared_access_key_enabled": true,
            "static_website": [],
            "table_encryption_key_type": "Service",
            "tags": {},
            "timeouts": null
          },
          "sensitive_attributes": [],
          "private": "eyJlMmJmYjczMC1lY2FhLTExZTYtOGY4OC0zNDM2M2JjN2M0YzAiOnsiY3JlYXRlIjozNjAwMDAwMDAwMDAwLCJkZWxldGUiOjM2MDAwMDAwMDAwMDAsInJlYWQiOjMwMDAwMDAwMDAwMCwidXBkYXRlIjozNjAwMDAwMDAwMDAwfSwic2NoZW1hX3ZlcnNpb24iOiIyIn0=",
          "dependencies": [
            "module.azure-storage-account.random_id.random_id",
            "module.azure-resource-group.azurerm_resource_group.rg"
          ]
        }
      ]
    },
    {
      "module": "module.azure-storage-account",
      "mode": "managed",
      "type": "random_id",
      "name": "random_id",
      "provider": "provider[\"registry.terraform.io/hashicorp/random\"]",
      "instances": [
        {
          "schema_version": 0,
          "attributes": {
            "b64_std": "NUkS3m/NRM4=",
            "b64_url": "NUkS3m_NRM4",
            "byte_length": 8,
            "dec": "3839620903877821646",
            "hex": "354912de6fcd44ce",
            "id": "NUkS3m_NRM4",
            "keepers": {
              "resource_group_name": "arjun-rg"
            },
            "prefix": null
          },
          "sensitive_attributes": [],
          "dependencies": [
            "module.azure-resource-group.azurerm_resource_group.rg"
          ]
        }
      ]
    },
    {
      "module": "module.azure-vm",
      "mode": "managed",
      "type": "azurerm_linux_virtual_machine",
      "name": "my_terraform_vm",
      "provider": "provider[\"registry.terraform.io/hashicorp/azurerm\"]",
      "instances": [
        {
          "status": "tainted",
          "schema_version": 0,
          "attributes": {
            "additional_capabilities": [],
            "admin_password": null,
            "admin_ssh_key": [
              {
                "public_key": "ssh-rsa AAAAB3NzaC1yc2EAAAADAQABAAABgQDjUu1cJaGu4bqiEFTAVVZz09yHqUd1srG/3i2OdQtdkqp4T3l26iEVkQ7Ok2Qkbg57dyQo6tYG7vQON22wN7RkUg1Oc3O5SZFHeuXTuEewIZzWsZiK2p8xmhK3fPccTD1PB4gNUXCVn7YDysLknvYmfIDz6o7AaFCWyNcpIp7X/xR7JH+Lc77oW75KQIEjB14pxAgjAJce5330OY97ysN0QuK273rV/1tRZbjTrKEOUKUVb4+EiHdeDIvGy5vkV5YilBQ0sJdWTp1mGzpX0sL/MPTWYMlOWaxFAszfBAy13ob9EiiBqUhH71QAuIoOYzGfd7svca7TxJIMto1ApZ5fsBDOppXt6SIcEZaawz095B4YB0TMZoIhP+jwGo8Wm51NePkYCrfGZp9jpVG561y3+uiNTZ3NAa7NFtKf56ymzPqFb72FD2/HHennEwHwOusifAYPRpJe+m2vvpcz3mQuehmnOHuCn3b7yX1hHaOZ29NcNoHsEriexseup4JbpQ0= generated-by-azure",
                "username": "azureadmin"
              }
            ],
            "admin_username": "azureadmin",
            "allow_extension_operations": true,
            "availability_set_id": "",
            "boot_diagnostics": [
              {
                "storage_account_uri": "https://diag354912de6fcd44ce.blob.core.windows.net/"
              }
            ],
            "computer_name": "hostname",
            "custom_data": null,
            "dedicated_host_group_id": "",
            "dedicated_host_id": "",
            "disable_password_authentication": true,
            "encryption_at_host_enabled": false,
            "eviction_policy": "",
            "extensions_time_budget": "PT1H30M",
            "id": "/subscriptions/64eb0097-f3d0-45d2-a9fd-cf90f5b28ad5/resourceGroups/arjun-rg/providers/Microsoft.Compute/virtualMachines/arjun-vm",
            "identity": [],
            "license_type": "",
            "location": "eastus",
            "max_bid_price": -1,
            "name": "arjun-vm",
            "network_interface_ids": [
              "/subscriptions/64eb0097-f3d0-45d2-a9fd-cf90f5b28ad5/resourceGroups/arjun-rg/providers/Microsoft.Network/networkInterfaces/arjun-nic"
            ],
            "os_disk": [
              {
                "caching": "ReadWrite",
                "diff_disk_settings": [],
                "disk_encryption_set_id": "",
                "disk_size_gb": 30,
                "name": "arjun-OsDisk",
                "storage_account_type": "Premium_LRS",
                "write_accelerator_enabled": false
              }
            ],
            "patch_mode": "ImageDefault",
            "plan": [],
            "platform_fault_domain": -1,
            "priority": "Regular",
            "private_ip_address": "15.0.1.4",
            "private_ip_addresses": [
              "15.0.1.4"
            ],
            "provision_vm_agent": true,
            "proximity_placement_group_id": "",
            "public_ip_address": "172.191.0.248",
            "public_ip_addresses": [
              "172.191.0.248"
            ],
            "resource_group_name": "arjun-rg",
            "secret": [],
            "secure_boot_enabled": false,
            "size": "Standard_DS1_v2",
            "source_image_id": "",
            "source_image_reference": [
              {
                "offer": "0001-com-ubuntu-server-jammy",
                "publisher": "Canonical",
                "sku": "22_04-lts-gen2",
                "version": "latest"
              }
            ],
            "tags": null,
            "timeouts": null,
            "user_data": "",
            "virtual_machine_id": "59c25c40-dd17-4bd5-a3f9-a9f683efd835",
            "virtual_machine_scale_set_id": "",
            "vtpm_enabled": false,
            "zone": ""
          },
          "sensitive_attributes": [],
          "private": "eyJlMmJmYjczMC1lY2FhLTExZTYtOGY4OC0zNDM2M2JjN2M0YzAiOnsiY3JlYXRlIjoyNzAwMDAwMDAwMDAwLCJkZWxldGUiOjI3MDAwMDAwMDAwMDAsInJlYWQiOjMwMDAwMDAwMDAwMCwidXBkYXRlIjoyNzAwMDAwMDAwMDAwfX0=",
          "dependencies": [
            "module.azure-network-interface.azurerm_network_interface.my_terraform_nic",
            "module.azure-resource-group.azurerm_resource_group.rg",
            "module.azure-storage-account.azurerm_storage_account.my_storage_account"
          ]
        }
      ]
    },
    {
      "module": "module.azure_public_ip",
      "mode": "managed",
      "type": "azurerm_public_ip",
      "name": "my_terraform_public_ip",
      "provider": "provider[\"registry.terraform.io/hashicorp/azurerm\"]",
      "instances": [
        {
          "schema_version": 0,
          "attributes": {
            "allocation_method": "Dynamic",
            "availability_zone": "No-Zone",
            "domain_name_label": null,
            "fqdn": null,
            "id": "/subscriptions/64eb0097-f3d0-45d2-a9fd-cf90f5b28ad5/resourceGroups/arjun-rg/providers/Microsoft.Network/publicIPAddresses/arjun-public-ip",
            "idle_timeout_in_minutes": 4,
            "ip_address": "52.191.76.243",
            "ip_tags": {},
            "ip_version": "IPv4",
            "location": "eastus",
            "name": "arjun-public-ip",
            "public_ip_prefix_id": null,
            "resource_group_name": "arjun-rg",
            "reverse_fqdn": null,
            "sku": "Basic",
            "sku_tier": "Regional",
            "tags": {},
            "timeouts": null,
            "zones": []
          },
          "sensitive_attributes": [],
          "private": "eyJlMmJmYjczMC1lY2FhLTExZTYtOGY4OC0zNDM2M2JjN2M0YzAiOnsiY3JlYXRlIjoxODAwMDAwMDAwMDAwLCJkZWxldGUiOjE4MDAwMDAwMDAwMDAsInJlYWQiOjMwMDAwMDAwMDAwMCwidXBkYXRlIjoxODAwMDAwMDAwMDAwfX0=",
          "dependencies": [
            "module.azure-resource-group.azurerm_resource_group.rg"
          ]
        }
      ]
    },
    {
      "module": "module.azure_subnet",
      "mode": "managed",
      "type": "azurerm_subnet",
      "name": "my_terraform_subnet",
      "provider": "provider[\"registry.terraform.io/hashicorp/azurerm\"]",
      "instances": [
        {
          "schema_version": 0,
          "attributes": {
            "address_prefix": "15.0.1.0/24",
            "address_prefixes": [
              "15.0.1.0/24"
            ],
            "delegation": [],
            "enforce_private_link_endpoint_network_policies": false,
            "enforce_private_link_service_network_policies": false,
            "id": "/subscriptions/64eb0097-f3d0-45d2-a9fd-cf90f5b28ad5/resourceGroups/arjun-rg/providers/Microsoft.Network/virtualNetworks/arjun-Vnet/subnets/arjun-subnet",
            "name": "arjun-subnet",
            "resource_group_name": "arjun-rg",
            "service_endpoint_policy_ids": [],
            "service_endpoints": [],
            "timeouts": null,
            "virtual_network_name": "arjun-Vnet"
          },
          "sensitive_attributes": [],
          "private": "eyJlMmJmYjczMC1lY2FhLTExZTYtOGY4OC0zNDM2M2JjN2M0YzAiOnsiY3JlYXRlIjoxODAwMDAwMDAwMDAwLCJkZWxldGUiOjE4MDAwMDAwMDAwMDAsInJlYWQiOjMwMDAwMDAwMDAwMCwidXBkYXRlIjoxODAwMDAwMDAwMDAwfX0=",
          "dependencies": [
            "module.azure-resource-group.azurerm_resource_group.rg",
            "module.azure_vnet.azurerm_virtual_network.my_terraform_network"
          ]
        }
      ]
    },
    {
      "module": "module.azure_vnet",
      "mode": "managed",
      "type": "azurerm_virtual_network",
      "name": "my_terraform_network",
      "provider": "provider[\"registry.terraform.io/hashicorp/azurerm\"]",
      "instances": [
        {
          "schema_version": 0,
          "attributes": {
            "address_space": [
              "15.0.0.0/16"
            ],
            "bgp_community": "",
            "ddos_protection_plan": [],
            "dns_servers": [],
            "flow_timeout_in_minutes": 0,
            "guid": "ecf5625e-6ade-4f5d-a1ff-2ad6bcec14d1",
            "id": "/subscriptions/64eb0097-f3d0-45d2-a9fd-cf90f5b28ad5/resourceGroups/arjun-rg/providers/Microsoft.Network/virtualNetworks/arjun-Vnet",
            "location": "eastus",
            "name": "arjun-Vnet",
            "resource_group_name": "arjun-rg",
            "subnet": [
              {
                "address_prefix": "15.0.1.0/24",
                "id": "/subscriptions/64eb0097-f3d0-45d2-a9fd-cf90f5b28ad5/resourceGroups/arjun-rg/providers/Microsoft.Network/virtualNetworks/arjun-Vnet/subnets/arjun-subnet",
                "name": "arjun-subnet",
                "security_group": ""
              }
            ],
            "tags": {},
            "timeouts": null,
            "vm_protection_enabled": false
          },
          "sensitive_attributes": [],
          "private": "eyJlMmJmYjczMC1lY2FhLTExZTYtOGY4OC0zNDM2M2JjN2M0YzAiOnsiY3JlYXRlIjoxODAwMDAwMDAwMDAwLCJkZWxldGUiOjE4MDAwMDAwMDAwMDAsInJlYWQiOjMwMDAwMDAwMDAwMCwidXBkYXRlIjoxODAwMDAwMDAwMDAwfX0=",
          "dependencies": [
            "module.azure-resource-group.azurerm_resource_group.rg"
          ]
        }
      ]
    }
  ]
}
